// !$*UTF8*$!
{
	archiveVersion = 1;
	classes = {
	};
	objectVersion = 46;
	objects = {

/* Begin PBXBuildFile section */
		70FC76671F6F154E007948AD /* AppDelegate.swift in Sources */ = {isa = PBXBuildFile; fileRef = 70FC76661F6F154E007948AD /* AppDelegate.swift */; };
		70FC76691F6F154E007948AD /* ViewController.swift in Sources */ = {isa = PBXBuildFile; fileRef = 70FC76681F6F154E007948AD /* ViewController.swift */; };
		70FC766C1F6F154E007948AD /* Main.storyboard in Resources */ = {isa = PBXBuildFile; fileRef = 70FC766A1F6F154E007948AD /* Main.storyboard */; };
		70FC766E1F6F154E007948AD /* Assets.xcassets in Resources */ = {isa = PBXBuildFile; fileRef = 70FC766D1F6F154E007948AD /* Assets.xcassets */; };
		70FC76711F6F154E007948AD /* LaunchScreen.storyboard in Resources */ = {isa = PBXBuildFile; fileRef = 70FC766F1F6F154E007948AD /* LaunchScreen.storyboard */; };
		70FC76791F6F162C007948AD /* WebViewController.swift in Sources */ = {isa = PBXBuildFile; fileRef = 70FC76781F6F162C007948AD /* WebViewController.swift */; };
		70FC767B1F702577007948AD /* ModalViewController.swift in Sources */ = {isa = PBXBuildFile; fileRef = 70FC767A1F702577007948AD /* ModalViewController.swift */; };
/* End PBXBuildFile section */

/* Begin PBXFileReference section */
		70FC76631F6F154E007948AD /* WebTest.app */ = {isa = PBXFileReference; explicitFileType = wrapper.application; includeInIndex = 0; path = WebTest.app; sourceTree = BUILT_PRODUCTS_DIR; };
		70FC76661F6F154E007948AD /* AppDelegate.swift */ = {isa = PBXFileReference; lastKnownFileType = sourcecode.swift; path = AppDelegate.swift; sourceTree = "<group>"; };
		70FC76681F6F154E007948AD /* ViewController.swift */ = {isa = PBXFileReference; lastKnownFileType = sourcecode.swift; path = ViewController.swift; sourceTree = "<group>"; };
		70FC766B1F6F154E007948AD /* Base */ = {isa = PBXFileReference; lastKnownFileType = file.storyboard; name = Base; path = Base.lproj/Main.storyboard; sourceTree = "<group>"; };
		70FC766D1F6F154E007948AD /* Assets.xcassets */ = {isa = PBXFileReference; lastKnownFileType = folder.assetcatalog; path = Assets.xcassets; sourceTree = "<group>"; };
		70FC76701F6F154E007948AD /* Base */ = {isa = PBXFileReference; lastKnownFileType = file.storyboard; name = Base; path = Base.lproj/LaunchScreen.storyboard; sourceTree = "<group>"; };
		70FC76721F6F154E007948AD /* Info.plist */ = {isa = PBXFileReference; lastKnownFileType = text.plist.xml; path = Info.plist; sourceTree = "<group>"; };
		70FC76781F6F162C007948AD /* WebViewController.swift */ = {isa = PBXFileReference; fileEncoding = 4; lastKnownFileType = sourcecode.swift; path = WebViewController.swift; sourceTree = "<group>"; };
		70FC767A1F702577007948AD /* ModalViewController.swift */ = {isa = PBXFileReference; fileEncoding = 4; lastKnownFileType = sourcecode.swift; path = ModalViewController.swift; sourceTree = "<group>"; };
/* End PBXFileReference section */

/* Begin PBXFrameworksBuildPhase section */
		70FC76601F6F154E007948AD /* Frameworks */ = {
			isa = PBXFrameworksBuildPhase;
			buildActionMask = 2147483647;
			files = (
			);
			runOnlyForDeploymentPostprocessing = 0;
		};
/* End PBXFrameworksBuildPhase section */

/* Begin PBXGroup section */
		70FC765A1F6F154E007948AD = {
			isa = PBXGroup;
			children = (
				70FC76651F6F154E007948AD /* WebTest */,
				70FC76641F6F154E007948AD /* Products */,
			);
			sourceTree = "<group>";
		};
		70FC76641F6F154E007948AD /* Products */ = {
			isa = PBXGroup;
			children = (
				70FC76631F6F154E007948AD /* WebTest.app */,
			);
			name = Products;
			sourceTree = "<group>";
		};
		70FC76651F6F154E007948AD /* WebTest */ = {
			isa = PBXGroup;
			children = (
				70FC76661F6F154E007948AD /* AppDelegate.swift */,
				70FC76681F6F154E007948AD /* ViewController.swift */,
				70FC766A1F6F154E007948AD /* Main.storyboard */,
				70FC766D1F6F154E007948AD /* Assets.xcassets */,
				70FC766F1F6F154E007948AD /* LaunchScreen.storyboard */,
				70FC76721F6F154E007948AD /* Info.plist */,
				70FC76781F6F162C007948AD /* WebViewController.swift */,
				70FC767A1F702577007948AD /* ModalViewController.swift */,
			);
			path = WebTest;
			sourceTree = "<group>";
		};
/* End PBXGroup section */

/* Begin PBXNativeTarget section */
		70FC76621F6F154E007948AD /* WebTest */ = {
			isa = PBXNativeTarget;
			buildConfigurationList = 70FC76751F6F154E007948AD /* Build configuration list for PBXNativeTarget "WebTest" */;
			buildPhases = (
				70FC765F1F6F154E007948AD /* Sources */,
				70FC76601F6F154E007948AD /* Frameworks */,
				70FC76611F6F154E007948AD /* Resources */,
			);
			buildRules = (
			);
			dependencies = (
			);
			name = WebTest;
			productName = WebTest;
			productReference = 70FC76631F6F154E007948AD /* WebTest.app */;
			productType = "com.apple.product-type.application";
		};
/* End PBXNativeTarget section */

/* Begin PBXProject section */
		70FC765B1F6F154E007948AD /* Project object */ = {
			isa = PBXProject;
			attributes = {
				LastSwiftUpdateCheck = 0830;
				LastUpgradeCheck = 0830;
				ORGANIZATIONNAME = "Robert McBryde";
				TargetAttributes = {
					70FC76621F6F154E007948AD = {
						CreatedOnToolsVersion = 8.3.2;
						DevelopmentTeam = 356C948HDC;
						ProvisioningStyle = Automatic;
					};
				};
			};
			buildConfigurationList = 70FC765E1F6F154E007948AD /* Build configuration list for PBXProject "WebTest" */;
			compatibilityVersion = "Xcode 3.2";
			developmentRegion = English;
			hasScannedForEncodings = 0;
			knownRegions = (
				en,
				Base,
			);
			mainGroup = 70FC765A1F6F154E007948AD;
			productRefGroup = 70FC76641F6F154E007948AD /* Products */;
			projectDirPath = "";
			projectRoot = "";
			targets = (
				70FC76621F6F154E007948AD /* WebTest */,
			);
		};
/* End PBXProject section */

/* Begin PBXResourcesBuildPhase section */
		70FC76611F6F154E007948AD /* Resources */ = {
			isa = PBXResourcesBuildPhase;
			buildActionMask = 2147483647;
			files = (
				70FC76711F6F154E007948AD /* LaunchScreen.storyboard in Resources */,
				70FC766E1F6F154E007948AD /* Assets.xcassets in Resources */,
				70FC766C1F6F154E007948AD /* Main.storyboard in Resources */,
			);
			runOnlyForDeploymentPostprocessing = 0;
		};
/* End PBXResourcesBuildPhase section */

/* Begin PBXSourcesBuildPhase section */
		70FC765F1F6F154E007948AD /* Sources */ = {
			isa = PBXSourcesBuildPhase;
			buildActionMask = 2147483647;
			files = (
				70FC767B1F702577007948AD /* ModalViewController.swift in Sources */,
				70FC76691F6F154E007948AD /* ViewController.swift in Sources */,
				70FC76791F6F162C007948AD /* WebViewController.swift in Sources */,
				70FC76671F6F154E007948AD /* AppDelegate.swift in Sources */,
			);
			runOnlyForDeploymentPostprocessing = 0;
		};
/* End PBXSourcesBuildPhase section */

/* Begin PBXVariantGroup section */
		70FC766A1F6F154E007948AD /* Main.storyboard */ = {
			isa = PBXVariantGroup;
			children = (
				70FC766B1F6F154E007948AD /* Base */,
			);
			name = Main.storyboard;
			sourceTree = "<group>";
		};
		70FC766F1F6F154E007948AD /* LaunchScreen.storyboard */ = {
			isa = PBXVariantGroup;
			children = (
				70FC76701F6F154E007948AD /* Base */,
			);
			name = LaunchScreen.storyboard;
			sourceTree = "<group>";
		};
/* End PBXVariantGroup section */

/* Begin XCBuildConfiguration section */
		70FC76731F6F154E007948AD /* Debug */ = {
			isa = XCBuildConfiguration;
			buildSettings = {
				ALWAYS_SEARCH_USER_PATHS = NO;
				CLANG_ANALYZER_NONNULL = YES;
				CLANG_ANALYZER_NUMBER_OBJECT_CONVERSION = YES_AGGRESSIVE;
				CLANG_CXX_LANGUAGE_STANDARD = "gnu++0x";
				CLANG_CXX_LIBRARY = "libc++";
				CLANG_ENABLE_MODULES = YES;
				CLANG_ENABLE_OBJC_ARC = YES;
				CLANG_WARN_BOOL_CONVERSION = YES;
				CLANG_WARN_CONSTANT_CONVERSION = YES;
				CLANG_WARN_DIRECT_OBJC_ISA_USAGE = YES_ERROR;
				CLANG_WARN_DOCUMENTATION_COMMENTS = YES;
				CLANG_WARN_EMPTY_BODY = YES;
				CLANG_WARN_ENUM_CONVERSION = YES;
				CLANG_WARN_INFINITE_RECURSION = YES;
				CLANG_WARN_INT_CONVERSION = YES;
				CLANG_WARN_OBJC_ROOT_CLASS = YES_ERROR;
				CLANG_WARN_SUSPICIOUS_MOVE = YES;
				CLANG_WARN_UNREACHABLE_CODE = YES;
				CLANG_WARN__DUPLICATE_METHOD_MATCH = YES;
				"CODE_SIGN_IDENTITY[sdk=iphoneos*]" = "iPhone Developer";
				COPY_PHASE_STRIP = NO;
				DEBUG_INFORMATION_FORMAT = dwarf;
				ENABLE_STRICT_OBJC_MSGSEND = YES;
				ENABLE_TESTABILITY = YES;
				GCC_C_LANGUAGE_STANDARD = gnu99;
				GCC_DYNAMIC_NO_PIC = NO;
				GCC_NO_COMMON_BLOCKS = YES;
				GCC_OPTIMIZATION_LEVEL = 0;
				GCC_PREPROCESSOR_DEFINITIONS = (
					"DEBUG=1",
					"$(inherited)",
				);
				GCC_WARN_64_TO_32_BIT_CONVERSION = YES;
				GCC_WARN_ABOUT_RETURN_TYPE = YES_ERROR;
				GCC_WARN_UNDECLARED_SELECTOR = YES;
				GCC_WARN_UNINITIALIZED_AUTOS = YES_AGGRESSIVE;
				GCC_WARN_UNUSED_FUNCTION = YES;
				GCC_WARN_UNUSED_VARIABLE = YES;
				IPHONEOS_DEPLOYMENT_TARGET = 10.3;
				MTL_ENABLE_DEBUG_INFO = YES;
				ONLY_ACTIVE_ARCH = YES;
				SDKROOT = iphoneos;
				SWIFT_ACTIVE_COMPILATION_CONDITIONS = DEBUG;
				SWIFT_OPTIMIZATION_LEVEL = "-Onone";
				TARGETED_DEVICE_FAMILY = "1,2";
			};
			name = Debug;
		};
		70FC76741F6F154E007948AD /* Release */ = {
			isa = XCBuildConfiguration;
			buildSettings = {
				ALWAYS_SEARCH_USER_PATHS = NO;
				CLANG_ANALYZER_NONNULL = YES;
				CLANG_ANALYZER_NUMBER_OBJECT_CONVERSION = YES_AGGRESSIVE;
				CLANG_CXX_LANGUAGE_STANDARD = "gnu++0x";
				CLANG_CXX_LIBRARY = "libc++";
				CLANG_ENABLE_MODULES = YES;
				CLANG_ENABLE_OBJC_ARC = YES;
				CLANG_WARN_BOOL_CONVERSION = YES;
				CLANG_WARN_CONSTANT_CONVERSION = YES;
				CLANG_WARN_DIRECT_OBJC_ISA_USAGE = YES_ERROR;
				CLANG_WARN_DOCUMENTATION_COMMENTS = YES;
				CLANG_WARN_EMPTY_BODY = YES;
				CLANG_WARN_ENUM_CONVERSION = YES;
				CLANG_WARN_INFINITE_RECURSION = YES;
				CLANG_WARN_INT_CONVERSION = YES;
				CLANG_WARN_OBJC_ROOT_CLASS = YES_ERROR;
				CLANG_WARN_SUSPICIOUS_MOVE = YES;
				CLANG_WARN_UNREACHABLE_CODE = YES;
				CLANG_WARN__DUPLICATE_METHOD_MATCH = YES;
				"CODE_SIGN_IDENTITY[sdk=iphoneos*]" = "iPhone Developer";
				COPY_PHASE_STRIP = NO;
				DEBUG_INFORMATION_FORMAT = "dwarf-with-dsym";
				ENABLE_NS_ASSERTIONS = NO;
				ENABLE_STRICT_OBJC_MSGSEND = YES;
				GCC_C_LANGUAGE_STANDARD = gnu99;
				GCC_NO_COMMON_BLOCKS = YES;
				GCC_WARN_64_TO_32_BIT_CONVERSION = YES;
				GCC_WARN_ABOUT_RETURN_TYPE = YES_ERROR;
				GCC_WARN_UNDECLARED_SELECTOR = YES;
				GCC_WARN_UNINITIALIZED_AUTOS = YES_AGGRESSIVE;
				GCC_WARN_UNUSED_FUNCTION = YES;
				GCC_WARN_UNUSED_VARIABLE = YES;
				IPHONEOS_DEPLOYMENT_TARGET = 10.3;
				MTL_ENABLE_DEBUG_INFO = NO;
				SDKROOT = iphoneos;
				SWIFT_OPTIMIZATION_LEVEL = "-Owholemodule";
				TARGETED_DEVICE_FAMILY = "1,2";
				VALIDATE_PRODUCT = YES;
			};
			name = Release;
		};
		70FC76761F6F154E007948AD /* Debug */ = {
			isa = XCBuildConfiguration;
			buildSettings = {
				ASSETCATALOG_COMPILER_APPICON_NAME = AppIcon;
				DEVELOPMENT_TEAM = 356C948HDC;
				INFOPLIST_FILE = WebTest/Info.plist;
				LD_RUNPATH_SEARCH_PATHS = "$(inherited) @executable_path/Frameworks";
				PRODUCT_BUNDLE_IDENTIFIER = com.robertmcbryde.WebTest;
				PRODUCT_NAME = "$(TARGET_NAME)";
				SWIFT_VERSION = 3.0;
			};
			name = Debug;
		};
		70FC76771F6F154E007948AD /* Release */ = {
			isa = XCBuildConfiguration;
			buildSettings = {
				ASSETCATALOG_COMPILER_APPICON_NAME = AppIcon;
				DEVELOPMENT_TEAM = 356C948HDC;
				INFOPLIST_FILE = WebTest/Info.plist;
				LD_RUNPATH_SEARCH_PATHS = "$(inherited) @executable_path/Frameworks";
				PRODUCT_BUNDLE_IDENTIFIER = com.robertmcbryde.WebTest;
				PRODUCT_NAME = "$(TARGET_NAME)";
				SWIFT_VERSION = 3.0;
			};
			name = Release;
		};
/* End XCBuildConfiguration section */

/* Begin XCConfigurationList section */
		70FC765E1F6F154E007948AD /* Build configuration list for PBXProject "WebTest" */ = {
			isa = XCConfigurationList;
			buildConfigurations = (
				70FC76731F6F154E007948AD /* Debug */,
				70FC76741F6F154E007948AD /* Release */,
			);
			defaultConfigurationIsVisible = 0;
			defaultConfigurationName = Release;
		};
		70FC76751F6F154E007948AD /* Build configuration list for PBXNativeTarget "WebTest" */ = {
			isa = XCConfigurationList;
			buildConfigurations = (
				70FC76761F6F154E007948AD /* Debug */,
				70FC76771F6F154E007948AD /* Release */,
			);
			defaultConfigurationIsVisible = 0;
		};
/* End XCConfigurationList section */
	};
	rootObject = 70FC765B1F6F154E007948AD /* Project object */;
}
